
Microsoft Visual Studio Solution File, Format Version 12.00
# Visual Studio Version 17
VisualStudioVersion = 17.0.31903.59
MinimumVisualStudioVersion = 10.0.40219.1
Project("{FAE04EC0-301F-11D3-BF4B-00C04F79EFBC}") = "Ecommerce.Api", "Ecommerce.Api\Ecommerce.Api.csproj", "{A1FB9AE0-7C95-424A-A535-AB06458CA692}"
EndProject
Project("{FAE04EC0-301F-11D3-BF4B-00C04F79EFBC}") = "UserService", "UserService\UserService.csproj", "{40F625D3-D3AE-4815-95C2-BAA503F243CF}"
EndProject
Project("{FAE04EC0-301F-11D3-BF4B-00C04F79EFBC}") = "ProductService", "ProductService\ProductService.csproj", "{8B52A0F1-8AC4-4752-A37C-822DB80DCAE8}"
EndProject
Global
	GlobalSection(SolutionConfigurationPlatforms) = preSolution
		Debug|Any CPU = Debug|Any CPU
		Release|Any CPU = Release|Any CPU
	EndGlobalSection
	GlobalSection(ProjectConfigurationPlatforms) = postSolution
		{A1FB9AE0-7C95-424A-A535-AB06458CA692}.Debug|Any CPU.ActiveCfg = Debug|Any CPU
		{A1FB9AE0-7C95-424A-A535-AB06458CA692}.Debug|Any CPU.Build.0 = Debug|Any CPU
		{A1FB9AE0-7C95-424A-A535-AB06458CA692}.Release|Any CPU.ActiveCfg = Release|Any CPU
		{A1FB9AE0-7C95-424A-A535-AB06458CA692}.Release|Any CPU.Build.0 = Release|Any CPU
		{40F625D3-D3AE-4815-95C2-BAA503F243CF}.Debug|Any CPU.ActiveCfg = Debug|Any CPU
		{40F625D3-D3AE-4815-95C2-BAA503F243CF}.Debug|Any CPU.Build.0 = Debug|Any CPU
		{40F625D3-D3AE-4815-95C2-BAA503F243CF}.Release|Any CPU.ActiveCfg = Release|Any CPU
		{40F625D3-D3AE-4815-95C2-BAA503F243CF}.Release|Any CPU.Build.0 = Release|Any CPU
		{8B52A0F1-8AC4-4752-A37C-822DB80DCAE8}.Debug|Any CPU.ActiveCfg = Debug|Any CPU
		{8B52A0F1-8AC4-4752-A37C-822DB80DCAE8}.Debug|Any CPU.Build.0 = Debug|Any CPU
		{8B52A0F1-8AC4-4752-A37C-822DB80DCAE8}.Release|Any CPU.ActiveCfg = Release|Any CPU
		{8B52A0F1-8AC4-4752-A37C-822DB80DCAE8}.Release|Any CPU.Build.0 = Release|Any CPU
	EndGlobalSection
	GlobalSection(SolutionProperties) = preSolution
		HideSolutionNode = FALSE
	EndGlobalSection
EndGlobal
